// !$*UTF8*$!
{
	archiveVersion = 1;
	classes = {
	};
	objectVersion = 48;
	objects = {

/* Begin PBXBuildFile section */
		63AFF964200ACC4E004235EA /* AppDelegate.swift in Sources */ = {isa = PBXBuildFile; fileRef = 63AFF963200ACC4E004235EA /* AppDelegate.swift */; };
		63AFF966200ACC4E004235EA /* ViewController.swift in Sources */ = {isa = PBXBuildFile; fileRef = 63AFF965200ACC4E004235EA /* ViewController.swift */; };
		63AFF969200ACC4E004235EA /* Main.storyboard in Resources */ = {isa = PBXBuildFile; fileRef = 63AFF967200ACC4E004235EA /* Main.storyboard */; };
		63AFF96B200ACC4E004235EA /* Assets.xcassets in Resources */ = {isa = PBXBuildFile; fileRef = 63AFF96A200ACC4E004235EA /* Assets.xcassets */; };
		63AFF96E200ACC4E004235EA /* LaunchScreen.storyboard in Resources */ = {isa = PBXBuildFile; fileRef = 63AFF96C200ACC4E004235EA /* LaunchScreen.storyboard */; };
		63AFF979200ACC4E004235EA /* sudoku001Tests.swift in Sources */ = {isa = PBXBuildFile; fileRef = 63AFF978200ACC4E004235EA /* sudoku001Tests.swift */; };
		63AFF984200ACC4E004235EA /* sudoku001UITests.swift in Sources */ = {isa = PBXBuildFile; fileRef = 63AFF983200ACC4E004235EA /* sudoku001UITests.swift */; };
/* End PBXBuildFile section */

/* Begin PBXContainerItemProxy section */
		63AFF975200ACC4E004235EA /* PBXContainerItemProxy */ = {
			isa = PBXContainerItemProxy;
			containerPortal = 63AFF958200ACC4E004235EA /* Project object */;
			proxyType = 1;
			remoteGlobalIDString = 63AFF95F200ACC4E004235EA;
			remoteInfo = sudoku001;
		};
		63AFF980200ACC4E004235EA /* PBXContainerItemProxy */ = {
			isa = PBXContainerItemProxy;
			containerPortal = 63AFF958200ACC4E004235EA /* Project object */;
			proxyType = 1;
			remoteGlobalIDString = 63AFF95F200ACC4E004235EA;
			remoteInfo = sudoku001;
		};
/* End PBXContainerItemProxy section */

/* Begin PBXFileReference section */
		63AFF960200ACC4E004235EA /* sudoku001.app */ = {isa = PBXFileReference; explicitFileType = wrapper.application; includeInIndex = 0; path = sudoku001.app; sourceTree = BUILT_PRODUCTS_DIR; };
		63AFF963200ACC4E004235EA /* AppDelegate.swift */ = {isa = PBXFileReference; lastKnownFileType = sourcecode.swift; path = AppDelegate.swift; sourceTree = "<group>"; };
		63AFF965200ACC4E004235EA /* ViewController.swift */ = {isa = PBXFileReference; lastKnownFileType = sourcecode.swift; path = ViewController.swift; sourceTree = "<group>"; };
		63AFF968200ACC4E004235EA /* Base */ = {isa = PBXFileReference; lastKnownFileType = file.storyboard; name = Base; path = Base.lproj/Main.storyboard; sourceTree = "<group>"; };
		63AFF96A200ACC4E004235EA /* Assets.xcassets */ = {isa = PBXFileReference; lastKnownFileType = folder.assetcatalog; path = Assets.xcassets; sourceTree = "<group>"; };
		63AFF96D200ACC4E004235EA /* Base */ = {isa = PBXFileReference; lastKnownFileType = file.storyboard; name = Base; path = Base.lproj/LaunchScreen.storyboard; sourceTree = "<group>"; };
		63AFF96F200ACC4E004235EA /* Info.plist */ = {isa = PBXFileReference; lastKnownFileType = text.plist.xml; path = Info.plist; sourceTree = "<group>"; };
		63AFF974200ACC4E004235EA /* sudoku001Tests.xctest */ = {isa = PBXFileReference; explicitFileType = wrapper.cfbundle; includeInIndex = 0; path = sudoku001Tests.xctest; sourceTree = BUILT_PRODUCTS_DIR; };
		63AFF978200ACC4E004235EA /* sudoku001Tests.swift */ = {isa = PBXFileReference; lastKnownFileType = sourcecode.swift; path = sudoku001Tests.swift; sourceTree = "<group>"; };
		63AFF97A200ACC4E004235EA /* Info.plist */ = {isa = PBXFileReference; lastKnownFileType = text.plist.xml; path = Info.plist; sourceTree = "<group>"; };
		63AFF97F200ACC4E004235EA /* sudoku001UITests.xctest */ = {isa = PBXFileReference; explicitFileType = wrapper.cfbundle; includeInIndex = 0; path = sudoku001UITests.xctest; sourceTree = BUILT_PRODUCTS_DIR; };
		63AFF983200ACC4E004235EA /* sudoku001UITests.swift */ = {isa = PBXFileReference; lastKnownFileType = sourcecode.swift; path = sudoku001UITests.swift; sourceTree = "<group>"; };
		63AFF985200ACC4E004235EA /* Info.plist */ = {isa = PBXFileReference; lastKnownFileType = text.plist.xml; path = Info.plist; sourceTree = "<group>"; };
/* End PBXFileReference section */

/* Begin PBXFrameworksBuildPhase section */
		63AFF95D200ACC4E004235EA /* Frameworks */ = {
			isa = PBXFrameworksBuildPhase;
			buildActionMask = 2147483647;
			files = (
			);
			runOnlyForDeploymentPostprocessing = 0;
		};
		63AFF971200ACC4E004235EA /* Frameworks */ = {
			isa = PBXFrameworksBuildPhase;
			buildActionMask = 2147483647;
			files = (
			);
			runOnlyForDeploymentPostprocessing = 0;
		};
		63AFF97C200ACC4E004235EA /* Frameworks */ = {
			isa = PBXFrameworksBuildPhase;
			buildActionMask = 2147483647;
			files = (
			);
			runOnlyForDeploymentPostprocessing = 0;
		};
/* End PBXFrameworksBuildPhase section */

/* Begin PBXGroup section */
		63AFF957200ACC4E004235EA = {
			isa = PBXGroup;
			children = (
				63AFF962200ACC4E004235EA /* sudoku001 */,
				63AFF977200ACC4E004235EA /* sudoku001Tests */,
				63AFF982200ACC4E004235EA /* sudoku001UITests */,
				63AFF961200ACC4E004235EA /* Products */,
			);
			sourceTree = "<group>";
		};
		63AFF961200ACC4E004235EA /* Products */ = {
			isa = PBXGroup;
			children = (
				63AFF960200ACC4E004235EA /* sudoku001.app */,
				63AFF974200ACC4E004235EA /* sudoku001Tests.xctest */,
				63AFF97F200ACC4E004235EA /* sudoku001UITests.xctest */,
			);
			name = Products;
			sourceTree = "<group>";
		};
		63AFF962200ACC4E004235EA /* sudoku001 */ = {
			isa = PBXGroup;
			children = (
				63AFF963200ACC4E004235EA /* AppDelegate.swift */,
				63AFF965200ACC4E004235EA /* ViewController.swift */,
				63AFF967200ACC4E004235EA /* Main.storyboard */,
				63AFF96A200ACC4E004235EA /* Assets.xcassets */,
				63AFF96C200ACC4E004235EA /* LaunchScreen.storyboard */,
				63AFF96F200ACC4E004235EA /* Info.plist */,
			);
			path = sudoku001;
			sourceTree = "<group>";
		};
		63AFF977200ACC4E004235EA /* sudoku001Tests */ = {
			isa = PBXGroup;
			children = (
				63AFF978200ACC4E004235EA /* sudoku001Tests.swift */,
				63AFF97A200ACC4E004235EA /* Info.plist */,
			);
			path = sudoku001Tests;
			sourceTree = "<group>";
		};
		63AFF982200ACC4E004235EA /* sudoku001UITests */ = {
			isa = PBXGroup;
			children = (
				63AFF983200ACC4E004235EA /* sudoku001UITests.swift */,
				63AFF985200ACC4E004235EA /* Info.plist */,
			);
			path = sudoku001UITests;
			sourceTree = "<group>";
		};
/* End PBXGroup section */

/* Begin PBXNativeTarget section */
		63AFF95F200ACC4E004235EA /* sudoku001 */ = {
			isa = PBXNativeTarget;
			buildConfigurationList = 63AFF988200ACC4E004235EA /* Build configuration list for PBXNativeTarget "sudoku001" */;
			buildPhases = (
				63AFF95C200ACC4E004235EA /* Sources */,
				63AFF95D200ACC4E004235EA /* Frameworks */,
				63AFF95E200ACC4E004235EA /* Resources */,
			);
			buildRules = (
			);
			dependencies = (
			);
			name = sudoku001;
			productName = sudoku001;
			productReference = 63AFF960200ACC4E004235EA /* sudoku001.app */;
			productType = "com.apple.product-type.application";
		};
		63AFF973200ACC4E004235EA /* sudoku001Tests */ = {
			isa = PBXNativeTarget;
			buildConfigurationList = 63AFF98B200ACC4E004235EA /* Build configuration list for PBXNativeTarget "sudoku001Tests" */;
			buildPhases = (
				63AFF970200ACC4E004235EA /* Sources */,
				63AFF971200ACC4E004235EA /* Frameworks */,
				63AFF972200ACC4E004235EA /* Resources */,
			);
			buildRules = (
			);
			dependencies = (
				63AFF976200ACC4E004235EA /* PBXTargetDependency */,
			);
			name = sudoku001Tests;
			productName = sudoku001Tests;
			productReference = 63AFF974200ACC4E004235EA /* sudoku001Tests.xctest */;
			productType = "com.apple.product-type.bundle.unit-test";
		};
		63AFF97E200ACC4E004235EA /* sudoku001UITests */ = {
			isa = PBXNativeTarget;
			buildConfigurationList = 63AFF98E200ACC4E004235EA /* Build configuration list for PBXNativeTarget "sudoku001UITests" */;
			buildPhases = (
				63AFF97B200ACC4E004235EA /* Sources */,
				63AFF97C200ACC4E004235EA /* Frameworks */,
				63AFF97D200ACC4E004235EA /* Resources */,
			);
			buildRules = (
			);
			dependencies = (
				63AFF981200ACC4E004235EA /* PBXTargetDependency */,
			);
			name = sudoku001UITests;
			productName = sudoku001UITests;
			productReference = 63AFF97F200ACC4E004235EA /* sudoku001UITests.xctest */;
			productType = "com.apple.product-type.bundle.ui-testing";
		};
/* End PBXNativeTarget section */

/* Begin PBXProject section */
		63AFF958200ACC4E004235EA /* Project object */ = {
			isa = PBXProject;
			attributes = {
				LastSwiftUpdateCheck = 0900;
				LastUpgradeCheck = 0900;
				ORGANIZATIONNAME = "Vision Runner";
				TargetAttributes = {
					63AFF95F200ACC4E004235EA = {
						CreatedOnToolsVersion = 9.0;
					};
					63AFF973200ACC4E004235EA = {
						CreatedOnToolsVersion = 9.0;
						TestTargetID = 63AFF95F200ACC4E004235EA;
					};
					63AFF97E200ACC4E004235EA = {
						CreatedOnToolsVersion = 9.0;
						TestTargetID = 63AFF95F200ACC4E004235EA;
					};
				};
			};
			buildConfigurationList = 63AFF95B200ACC4E004235EA /* Build configuration list for PBXProject "sudoku001" */;
			compatibilityVersion = "Xcode 8.0";
			developmentRegion = en;
			hasScannedForEncodings = 0;
			knownRegions = (
				en,
				Base,
			);
			mainGroup = 63AFF957200ACC4E004235EA;
			productRefGroup = 63AFF961200ACC4E004235EA /* Products */;
			projectDirPath = "";
			projectRoot = "";
			targets = (
				63AFF95F200ACC4E004235EA /* sudoku001 */,
				63AFF973200ACC4E004235EA /* sudoku001Tests */,
				63AFF97E200ACC4E004235EA /* sudoku001UITests */,
			);
		};
/* End PBXProject section */

/* Begin PBXResourcesBuildPhase section */
		63AFF95E200ACC4E004235EA /* Resources */ = {
			isa = PBXResourcesBuildPhase;
			buildActionMask = 2147483647;
			files = (
				63AFF96E200ACC4E004235EA /* LaunchScreen.storyboard in Resources */,
				63AFF96B200ACC4E004235EA /* Assets.xcassets in Resources */,
				63AFF969200ACC4E004235EA /* Main.storyboard in Resources */,
			);
			runOnlyForDeploymentPostprocessing = 0;
		};
		63AFF972200ACC4E004235EA /* Resources */ = {
			isa = PBXResourcesBuildPhase;
			buildActionMask = 2147483647;
			files = (
			);
			runOnlyForDeploymentPostprocessing = 0;
		};
		63AFF97D200ACC4E004235EA /* Resources */ = {
			isa = PBXResourcesBuildPhase;
			buildActionMask = 2147483647;
			files = (
			);
			runOnlyForDeploymentPostprocessing = 0;
		};
/* End PBXResourcesBuildPhase section */

/* Begin PBXSourcesBuildPhase section */
		63AFF95C200ACC4E004235EA /* Sources */ = {
			isa = PBXSourcesBuildPhase;
			buildActionMask = 2147483647;
			files = (
				63AFF966200ACC4E004235EA /* ViewController.swift in Sources */,
				63AFF964200ACC4E004235EA /* AppDelegate.swift in Sources */,
			);
			runOnlyForDeploymentPostprocessing = 0;
		};
		63AFF970200ACC4E004235EA /* Sources */ = {
			isa = PBXSourcesBuildPhase;
			buildActionMask = 2147483647;
			files = (
				63AFF979200ACC4E004235EA /* sudoku001Tests.swift in Sources */,
			);
			runOnlyForDeploymentPostprocessing = 0;
		};
		63AFF97B200ACC4E004235EA /* Sources */ = {
			isa = PBXSourcesBuildPhase;
			buildActionMask = 2147483647;
			files = (
				63AFF984200ACC4E004235EA /* sudoku001UITests.swift in Sources */,
			);
			runOnlyForDeploymentPostprocessing = 0;
		};
/* End PBXSourcesBuildPhase section */

/* Begin PBXTargetDependency section */
		63AFF976200ACC4E004235EA /* PBXTargetDependency */ = {
			isa = PBXTargetDependency;
			target = 63AFF95F200ACC4E004235EA /* sudoku001 */;
			targetProxy = 63AFF975200ACC4E004235EA /* PBXContainerItemProxy */;
		};
		63AFF981200ACC4E004235EA /* PBXTargetDependency */ = {
			isa = PBXTargetDependency;
			target = 63AFF95F200ACC4E004235EA /* sudoku001 */;
			targetProxy = 63AFF980200ACC4E004235EA /* PBXContainerItemProxy */;
		};
/* End PBXTargetDependency section */

/* Begin PBXVariantGroup section */
		63AFF967200ACC4E004235EA /* Main.storyboard */ = {
			isa = PBXVariantGroup;
			children = (
				63AFF968200ACC4E004235EA /* Base */,
			);
			name = Main.storyboard;
			sourceTree = "<group>";
		};
		63AFF96C200ACC4E004235EA /* LaunchScreen.storyboard */ = {
			isa = PBXVariantGroup;
			children = (
				63AFF96D200ACC4E004235EA /* Base */,
			);
			name = LaunchScreen.storyboard;
			sourceTree = "<group>";
		};
/* End PBXVariantGroup section */

/* Begin XCBuildConfiguration section */
		63AFF986200ACC4E004235EA /* Debug */ = {
			isa = XCBuildConfiguration;
			buildSettings = {
				ALWAYS_SEARCH_USER_PATHS = NO;
				CLANG_ANALYZER_NONNULL = YES;
				CLANG_ANALYZER_NUMBER_OBJECT_CONVERSION = YES_AGGRESSIVE;
				CLANG_CXX_LANGUAGE_STANDARD = "gnu++14";
				CLANG_CXX_LIBRARY = "libc++";
				CLANG_ENABLE_MODULES = YES;
				CLANG_ENABLE_OBJC_ARC = YES;
				CLANG_WARN_BLOCK_CAPTURE_AUTORELEASING = YES;
				CLANG_WARN_BOOL_CONVERSION = YES;
				CLANG_WARN_COMMA = YES;
				CLANG_WARN_CONSTANT_CONVERSION = YES;
				CLANG_WARN_DIRECT_OBJC_ISA_USAGE = YES_ERROR;
				CLANG_WARN_DOCUMENTATION_COMMENTS = YES;
				CLANG_WARN_EMPTY_BODY = YES;
				CLANG_WARN_ENUM_CONVERSION = YES;
				CLANG_WARN_INFINITE_RECURSION = YES;
				CLANG_WARN_INT_CONVERSION = YES;
				CLANG_WARN_NON_LITERAL_NULL_CONVERSION = YES;
				CLANG_WARN_OBJC_LITERAL_CONVERSION = YES;
				CLANG_WARN_OBJC_ROOT_CLASS = YES_ERROR;
				CLANG_WARN_RANGE_LOOP_ANALYSIS = YES;
				CLANG_WARN_STRICT_PROTOTYPES = YES;
				CLANG_WARN_SUSPICIOUS_MOVE = YES;
				CLANG_WARN_UNGUARDED_AVAILABILITY = YES_AGGRESSIVE;
				CLANG_WARN_UNREACHABLE_CODE = YES;
				CLANG_WARN__DUPLICATE_METHOD_MATCH = YES;
				CODE_SIGN_IDENTITY = "iPhone Developer";
				COPY_PHASE_STRIP = NO;
				DEBUG_INFORMATION_FORMAT = dwarf;
				ENABLE_STRICT_OBJC_MSGSEND = YES;
				ENABLE_TESTABILITY = YES;
				GCC_C_LANGUAGE_STANDARD = gnu11;
				GCC_DYNAMIC_NO_PIC = NO;
				GCC_NO_COMMON_BLOCKS = YES;
				GCC_OPTIMIZATION_LEVEL = 0;
				GCC_PREPROCESSOR_DEFINITIONS = (
					"DEBUG=1",
					"$(inherited)",
				);
				GCC_WARN_64_TO_32_BIT_CONVERSION = YES;
				GCC_WARN_ABOUT_RETURN_TYPE = YES_ERROR;
				GCC_WARN_UNDECLARED_SELECTOR = YES;
				GCC_WARN_UNINITIALIZED_AUTOS = YES_AGGRESSIVE;
				GCC_WARN_UNUSED_FUNCTION = YES;
				GCC_WARN_UNUSED_VARIABLE = YES;
				IPHONEOS_DEPLOYMENT_TARGET = 11.0;
				MTL_ENABLE_DEBUG_INFO = YES;
				ONLY_ACTIVE_ARCH = YES;
				SDKROOT = iphoneos;
				SWIFT_ACTIVE_COMPILATION_CONDITIONS = DEBUG;
				SWIFT_OPTIMIZATION_LEVEL = "-Onone";
			};
			name = Debug;
		};
		63AFF987200ACC4E004235EA /* Release */ = {
			isa = XCBuildConfiguration;
			buildSettings = {
				ALWAYS_SEARCH_USER_PATHS = NO;
				CLANG_ANALYZER_NONNULL = YES;
				CLANG_ANALYZER_NUMBER_OBJECT_CONVERSION = YES_AGGRESSIVE;
				CLANG_CXX_LANGUAGE_STANDARD = "gnu++14";
				CLANG_CXX_LIBRARY = "libc++";
				CLANG_ENABLE_MODULES = YES;
				CLANG_ENABLE_OBJC_ARC = YES;
				CLANG_WARN_BLOCK_CAPTURE_AUTORELEASING = YES;
				CLANG_WARN_BOOL_CONVERSION = YES;
				CLANG_WARN_COMMA = YES;
				CLANG_WARN_CONSTANT_CONVERSION = YES;
				CLANG_WARN_DIRECT_OBJC_ISA_USAGE = YES_ERROR;
				CLANG_WARN_DOCUMENTATION_COMMENTS = YES;
				CLANG_WARN_EMPTY_BODY = YES;
				CLANG_WARN_ENUM_CONVERSION = YES;
				CLANG_WARN_INFINITE_RECURSION = YES;
				CLANG_WARN_INT_CONVERSION = YES;
				CLANG_WARN_NON_LITERAL_NULL_CONVERSION = YES;
				CLANG_WARN_OBJC_LITERAL_CONVERSION = YES;
				CLANG_WARN_OBJC_ROOT_CLASS = YES_ERROR;
				CLANG_WARN_RANGE_LOOP_ANALYSIS = YES;
				CLANG_WARN_STRICT_PROTOTYPES = YES;
				CLANG_WARN_SUSPICIOUS_MOVE = YES;
				CLANG_WARN_UNGUARDED_AVAILABILITY = YES_AGGRESSIVE;
				CLANG_WARN_UNREACHABLE_CODE = YES;
				CLANG_WARN__DUPLICATE_METHOD_MATCH = YES;
				CODE_SIGN_IDENTITY = "iPhone Developer";
				COPY_PHASE_STRIP = NO;
				DEBUG_INFORMATION_FORMAT = "dwarf-with-dsym";
				ENABLE_NS_ASSERTIONS = NO;
				ENABLE_STRICT_OBJC_MSGSEND = YES;
				GCC_C_LANGUAGE_STANDARD = gnu11;
				GCC_NO_COMMON_BLOCKS = YES;
				GCC_WARN_64_TO_32_BIT_CONVERSION = YES;
				GCC_WARN_ABOUT_RETURN_TYPE = YES_ERROR;
				GCC_WARN_UNDECLARED_SELECTOR = YES;
				GCC_WARN_UNINITIALIZED_AUTOS = YES_AGGRESSIVE;
				GCC_WARN_UNUSED_FUNCTION = YES;
				GCC_WARN_UNUSED_VARIABLE = YES;
				IPHONEOS_DEPLOYMENT_TARGET = 11.0;
				MTL_ENABLE_DEBUG_INFO = NO;
				SDKROOT = iphoneos;
				SWIFT_OPTIMIZATION_LEVEL = "-Owholemodule";
				VALIDATE_PRODUCT = YES;
			};
			name = Release;
		};
		63AFF989200ACC4E004235EA /* Debug */ = {
			isa = XCBuildConfiguration;
			buildSettings = {
				ASSETCATALOG_COMPILER_APPICON_NAME = AppIcon;
				DEVELOPMENT_TEAM = EPF99BXA3K;
				INFOPLIST_FILE = sudoku001/Info.plist;
				LD_RUNPATH_SEARCH_PATHS = "$(inherited) @executable_path/Frameworks";
				PRODUCT_BUNDLE_IDENTIFIER = com.visionrunner.sudoku001;
				PRODUCT_NAME = "$(TARGET_NAME)";
				SWIFT_VERSION = 4.0;
				TARGETED_DEVICE_FAMILY = "1,2";
			};
			name = Debug;
		};
		63AFF98A200ACC4E004235EA /* Release */ = {
			isa = XCBuildConfiguration;
			buildSettings = {
				ASSETCATALOG_COMPILER_APPICON_NAME = AppIcon;
				DEVELOPMENT_TEAM = EPF99BXA3K;
				INFOPLIST_FILE = sudoku001/Info.plist;
				LD_RUNPATH_SEARCH_PATHS = "$(inherited) @executable_path/Frameworks";
				PRODUCT_BUNDLE_IDENTIFIER = com.visionrunner.sudoku001;
				PRODUCT_NAME = "$(TARGET_NAME)";
				SWIFT_VERSION = 4.0;
				TARGETED_DEVICE_FAMILY = "1,2";
			};
			name = Release;
		};
		63AFF98C200ACC4E004235EA /* Debug */ = {
			isa = XCBuildConfiguration;
			buildSettings = {
				ALWAYS_EMBED_SWIFT_STANDARD_LIBRARIES = YES;
				BUNDLE_LOADER = "$(TEST_HOST)";
				DEVELOPMENT_TEAM = EPF99BXA3K;
				INFOPLIST_FILE = sudoku001Tests/Info.plist;
				LD_RUNPATH_SEARCH_PATHS = "$(inherited) @executable_path/Frameworks @loader_path/Frameworks";
				PRODUCT_BUNDLE_IDENTIFIER = com.visionrunner.sudoku001Tests;
				PRODUCT_NAME = "$(TARGET_NAME)";
				SWIFT_VERSION = 4.0;
				TARGETED_DEVICE_FAMILY = "1,2";
				TEST_HOST = "$(BUILT_PRODUCTS_DIR)/sudoku001.app/sudoku001";
			};
			name = Debug;
		};
		63AFF98D200ACC4E004235EA /* Release */ = {
			isa = XCBuildConfiguration;
			buildSettings = {
				ALWAYS_EMBED_SWIFT_STANDARD_LIBRARIES = YES;
				BUNDLE_LOADER = "$(TEST_HOST)";
				DEVELOPMENT_TEAM = EPF99BXA3K;
				INFOPLIST_FILE = sudoku001Tests/Info.plist;
				LD_RUNPATH_SEARCH_PATHS = "$(inherited) @executable_path/Frameworks @loader_path/Frameworks";
				PRODUCT_BUNDLE_IDENTIFIER = com.visionrunner.sudoku001Tests;
				PRODUCT_NAME = "$(TARGET_NAME)";
				SWIFT_VERSION = 4.0;
				TARGETED_DEVICE_FAMILY = "1,2";
				TEST_HOST = "$(BUILT_PRODUCTS_DIR)/sudoku001.app/sudoku001";
			};
			name = Release;
		};
		63AFF98F200ACC4E004235EA /* Debug */ = {
			isa = XCBuildConfiguration;
			buildSettings = {
				ALWAYS_EMBED_SWIFT_STANDARD_LIBRARIES = YES;
				DEVELOPMENT_TEAM = EPF99BXA3K;
				INFOPLIST_FILE = sudoku001UITests/Info.plist;
				LD_RUNPATH_SEARCH_PATHS = "$(inherited) @executable_path/Frameworks @loader_path/Frameworks";
				PRODUCT_BUNDLE_IDENTIFIER = com.visionrunner.sudoku001UITests;
				PRODUCT_NAME = "$(TARGET_NAME)";
				SWIFT_VERSION = 4.0;
				TARGETED_DEVICE_FAMILY = "1,2";
				TEST_TARGET_NAME = sudoku001;
			};
			name = Debug;
		};
		63AFF990200ACC4E004235EA /* Release */ = {
			isa = XCBuildConfiguration;
			buildSettings = {
				ALWAYS_EMBED_SWIFT_STANDARD_LIBRARIES = YES;
				DEVELOPMENT_TEAM = EPF99BXA3K;
				INFOPLIST_FILE = sudoku001UITests/Info.plist;
				LD_RUNPATH_SEARCH_PATHS = "$(inherited) @executable_path/Frameworks @loader_path/Frameworks";
				PRODUCT_BUNDLE_IDENTIFIER = com.visionrunner.sudoku001UITests;
				PRODUCT_NAME = "$(TARGET_NAME)";
				SWIFT_VERSION = 4.0;
				TARGETED_DEVICE_FAMILY = "1,2";
				TEST_TARGET_NAME = sudoku001;
			};
			name = Release;
		};
/* End XCBuildConfiguration section */

/* Begin XCConfigurationList section */
		63AFF95B200ACC4E004235EA /* Build configuration list for PBXProject "sudoku001" */ = {
			isa = XCConfigurationList;
			buildConfigurations = (
				63AFF986200ACC4E004235EA /* Debug */,
				63AFF987200ACC4E004235EA /* Release */,
			);
			defaultConfigurationIsVisible = 0;
			defaultConfigurationName = Release;
		};
		63AFF988200ACC4E004235EA /* Build configuration list for PBXNativeTarget "sudoku001" */ = {
			isa = XCConfigurationList;
			buildConfigurations = (
				63AFF989200ACC4E004235EA /* Debug */,
				63AFF98A200ACC4E004235EA /* Release */,
			);
			defaultConfigurationIsVisible = 0;
			defaultConfigurationName = Release;
		};
		63AFF98B200ACC4E004235EA /* Build configuration list for PBXNativeTarget "sudoku001Tests" */ = {
			isa = XCConfigurationList;
			buildConfigurations = (
				63AFF98C200ACC4E004235EA /* Debug */,
				63AFF98D200ACC4E004235EA /* Release */,
			);
			defaultConfigurationIsVisible = 0;
			defaultConfigurationName = Release;
		};
		63AFF98E200ACC4E004235EA /* Build configuration list for PBXNativeTarget "sudoku001UITests" */ = {
			isa = XCConfigurationList;
			buildConfigurations = (
				63AFF98F200ACC4E004235EA /* Debug */,
				63AFF990200ACC4E004235EA /* Release */,
			);
			defaultConfigurationIsVisible = 0;
			defaultConfigurationName = Release;
		};
/* End XCConfigurationList section */
	};
	rootObject = 63AFF958200ACC4E004235EA /* Project object */;
}
